
Microsoft Visual Studio Solution File, Format Version 12.00
# Visual Studio Version 16
VisualStudioVersion = 16.0.29613.14
MinimumVisualStudioVersion = 10.0.40219.1
Project("{9A19103F-16F7-4668-BE54-9A1E7A4F7556}") = "UniversityClinicHospital", "UniversityClinicHospital\UniversityClinicHospital.csproj", "{80D0C6B1-FFB7-4011-8CC0-6F969CBA768E}"
EndProject
Project("{FAE04EC0-301F-11D3-BF4B-00C04F79EFBC}") = "UniversityClinicHospital.Tests", "UniversityClinicHospital.Tests\UniversityClinicHospital.Tests.csproj", "{5901D06A-0BD3-4498-9A81-5BC0B977E0B3}"
EndProject
Global
	GlobalSection(SolutionConfigurationPlatforms) = preSolution
		Debug|Any CPU = Debug|Any CPU
		Release|Any CPU = Release|Any CPU
	EndGlobalSection
	GlobalSection(ProjectConfigurationPlatforms) = postSolution
		{80D0C6B1-FFB7-4011-8CC0-6F969CBA768E}.Debug|Any CPU.ActiveCfg = Debug|Any CPU
		{80D0C6B1-FFB7-4011-8CC0-6F969CBA768E}.Debug|Any CPU.Build.0 = Debug|Any CPU
		{80D0C6B1-FFB7-4011-8CC0-6F969CBA768E}.Release|Any CPU.ActiveCfg = Release|Any CPU
		{80D0C6B1-FFB7-4011-8CC0-6F969CBA768E}.Release|Any CPU.Build.0 = Release|Any CPU
		{5901D06A-0BD3-4498-9A81-5BC0B977E0B3}.Debug|Any CPU.ActiveCfg = Debug|Any CPU
		{5901D06A-0BD3-4498-9A81-5BC0B977E0B3}.Debug|Any CPU.Build.0 = Debug|Any CPU
		{5901D06A-0BD3-4498-9A81-5BC0B977E0B3}.Release|Any CPU.ActiveCfg = Release|Any CPU
		{5901D06A-0BD3-4498-9A81-5BC0B977E0B3}.Release|Any CPU.Build.0 = Release|Any CPU
	EndGlobalSection
	GlobalSection(SolutionProperties) = preSolution
		HideSolutionNode = FALSE
	EndGlobalSection
	GlobalSection(ExtensibilityGlobals) = postSolution
		SolutionGuid = {9F24EA2E-23D7-427A-92D0-CD26709C3A16}
	EndGlobalSection
EndGlobal
